<?xml version="1.0" encoding="utf-8"?>
<Project ToolsVersion="4.0" xmlns="http://schemas.microsoft.com/developer/msbuild/2003">
  <ItemGroup>
    <Filter Include="Source Files">
      <UniqueIdentifier>{4FC737F1-C7A5-4376-A066-2A32D752A2FF}</UniqueIdentifier>
      <Extensions>cpp;c;cc;cxx;def;odl;idl;hpj;bat;asm;asmx</Extensions>
    </Filter>
    <Filter Include="Header Files">
      <UniqueIdentifier>{93995380-89BD-4b04-88EB-625FBE52EBFB}</UniqueIdentifier>
      <Extensions>h;hh;hpp;hxx;hm;inl;inc;xsd</Extensions>
    </Filter>
    <Filter Include="Resource Files">
      <UniqueIdentifier>{67DA6AB6-F800-4c08-8B7A-83BB121AAD01}</UniqueIdentifier>
      <Extensions>rc;ico;cur;bmp;dlg;rc2;rct;bin;rgs;gif;jpg;jpeg;jpe;resx;tiff;tif;png;wav;mfcribbon-ms</Extensions>
    </Filter>
  </ItemGroup>
  <ItemGroup>
    <Text Include="ReadMe.txt" />
  </ItemGroup>
  <ItemGroup>
    <ClInclude Include="stdafx.h">
      <Filter>Header Files</Filter>
    </ClInclude>
    <ClInclude Include="targetver.h">
      <Filter>Header Files</Filter>
    </ClInclude>
    <ClInclude Include="MySolver.h">
      <Filter>Header Files</Filter>
    </ClInclude>
    <ClInclude Include="OLGModel.h">
      <Filter>Header Files</Filter>
    </ClInclude>
    <ClInclude Include="macros.h">
      <Filter>Header Files</Filter>
    </ClInclude>
    <ClInclude Include="Generation.h">
      <Filter>Header Files</Filter>
    </ClInclude>
    <ClInclude Include="MatchingFunction.h">
      <Filter>Header Files</Filter>
    </ClInclude>
    <ClInclude Include="CobbDouglasMatching.h">
      <Filter>Header Files</Filter>
    </ClInclude>
    <ClInclude Include="FunctorBase.h">
      <Filter>Header Files</Filter>
    </ClInclude>
    <ClInclude Include="ShockProcess.h">
      <Filter>Header Files</Filter>
    </ClInclude>
    <ClInclude Include="ShimerProcess.h">
      <Filter>Header Files</Filter>
    </ClInclude>
    <ClInclude Include="NoShocksProcess.h">
      <Filter>Header Files</Filter>
    </ClInclude>
    <ClInclude Include="SimulatedAnnealingInterface.h">
      <Filter>Header Files</Filter>
    </ClInclude>
    <ClInclude Include="SimAnnealForOLGModel.h">
      <Filter>Header Files</Filter>
    </ClInclude>
    <ClInclude Include="deHaanMatching.h">
      <Filter>Header Files</Filter>
    </ClInclude>
  </ItemGroup>
  <ItemGroup>
    <ClCompile Include="stdafx.cpp">
      <Filter>Source Files</Filter>
    </ClCompile>
    <ClCompile Include="EZ_No_Assets.cpp">
      <Filter>Source Files</Filter>
    </ClCompile>
    <ClCompile Include="MySolver.cpp">
      <Filter>Source Files</Filter>
    </ClCompile>
    <ClCompile Include="OLGModel.cpp">
      <Filter>Source Files</Filter>
    </ClCompile>
    <ClCompile Include="Generation.cpp">
      <Filter>Source Files</Filter>
    </ClCompile>
    <ClCompile Include="MatchingFunction.cpp">
      <Filter>Source Files</Filter>
    </ClCompile>
    <ClCompile Include="CobbDouglasMatching.cpp">
      <Filter>Source Files</Filter>
    </ClCompile>
    <ClCompile Include="FunctorBase.cpp">
      <Filter>Source Files</Filter>
    </ClCompile>
    <ClCompile Include="ShockProcess.cpp">
      <Filter>Source Files</Filter>
    </ClCompile>
    <ClCompile Include="ShimerProcess.cpp">
      <Filter>Source Files</Filter>
    </ClCompile>
    <ClCompile Include="NoShocksProcess.cpp">
      <Filter>Source Files</Filter>
    </ClCompile>
    <ClCompile Include="SimulatedAnnealingInterface.cpp">
      <Filter>Source Files</Filter>
    </ClCompile>
    <ClCompile Include="SimAnnealForOLGModel.cpp">
      <Filter>Source Files</Filter>
    </ClCompile>
    <ClCompile Include="deHaanMatching.cpp">
      <Filter>Source Files</Filter>
    </ClCompile>
  </ItemGroup>
</Project>